
Microsoft Visual Studio Solution File, Format Version 12.00
# Visual Studio Version 17
VisualStudioVersion = 17.14.36127.28
MinimumVisualStudioVersion = 10.0.40219.1
Project("{FAE04EC0-301F-11D3-BF4B-00C04F79EFBC}") = "MedBook", "MedBook\MedBook.csproj", "{43213401-C754-4D83-BD3E-4C2578B1B1DB}"
EndProject
Project("{FAE04EC0-301F-11D3-BF4B-00C04F79EFBC}") = "DAL", "DAL\DAL.csproj", "{C27D53ED-DF9F-4EAF-AE1F-EC38072ED624}"
EndProject
Project("{FAE04EC0-301F-11D3-BF4B-00C04F79EFBC}") = "Business", "Business\Business.csproj", "{C59B83D4-B3DA-4AAA-80E4-D6D0920116A5}"
EndProject
Global
	GlobalSection(SolutionConfigurationPlatforms) = preSolution
		Debug|Any CPU = Debug|Any CPU
		Release|Any CPU = Release|Any CPU
	EndGlobalSection
	GlobalSection(ProjectConfigurationPlatforms) = postSolution
		{43213401-C754-4D83-BD3E-4C2578B1B1DB}.Debug|Any CPU.ActiveCfg = Debug|Any CPU
		{43213401-C754-4D83-BD3E-4C2578B1B1DB}.Debug|Any CPU.Build.0 = Debug|Any CPU
		{43213401-C754-4D83-BD3E-4C2578B1B1DB}.Release|Any CPU.ActiveCfg = Release|Any CPU
		{43213401-C754-4D83-BD3E-4C2578B1B1DB}.Release|Any CPU.Build.0 = Release|Any CPU
		{C27D53ED-DF9F-4EAF-AE1F-EC38072ED624}.Debug|Any CPU.ActiveCfg = Debug|Any CPU
		{C27D53ED-DF9F-4EAF-AE1F-EC38072ED624}.Debug|Any CPU.Build.0 = Debug|Any CPU
		{C27D53ED-DF9F-4EAF-AE1F-EC38072ED624}.Release|Any CPU.ActiveCfg = Release|Any CPU
		{C27D53ED-DF9F-4EAF-AE1F-EC38072ED624}.Release|Any CPU.Build.0 = Release|Any CPU
		{C59B83D4-B3DA-4AAA-80E4-D6D0920116A5}.Debug|Any CPU.ActiveCfg = Debug|Any CPU
		{C59B83D4-B3DA-4AAA-80E4-D6D0920116A5}.Debug|Any CPU.Build.0 = Debug|Any CPU
		{C59B83D4-B3DA-4AAA-80E4-D6D0920116A5}.Release|Any CPU.ActiveCfg = Release|Any CPU
		{C59B83D4-B3DA-4AAA-80E4-D6D0920116A5}.Release|Any CPU.Build.0 = Release|Any CPU
	EndGlobalSection
	GlobalSection(SolutionProperties) = preSolution
		HideSolutionNode = FALSE
	EndGlobalSection
	GlobalSection(ExtensibilityGlobals) = postSolution
		SolutionGuid = {53573DD7-9457-4C91-B4D6-162B7BFACF47}
	EndGlobalSection
EndGlobal
